
Microsoft Visual Studio Solution File, Format Version 12.00
# Visual Studio Version 17
VisualStudioVersion = 17.8.34511.84
MinimumVisualStudioVersion = 10.0.40219.1
Project("{FAE04EC0-301F-11D3-BF4B-00C04F79EFBC}") = "project_1", "sln_3\project_1.csproj", "{2DFC5433-5002-4AD9-8B76-AE5F0A42BF89}"
EndProject
Project("{FAE04EC0-301F-11D3-BF4B-00C04F79EFBC}") = "project_2", "project_2\project_2.csproj", "{9A84DDDA-7A21-43F8-A89E-B561B504082B}"
EndProject
Global
	GlobalSection(SolutionConfigurationPlatforms) = preSolution
		Debug|Any CPU = Debug|Any CPU
		Release|Any CPU = Release|Any CPU
	EndGlobalSection
	GlobalSection(ProjectConfigurationPlatforms) = postSolution
		{2DFC5433-5002-4AD9-8B76-AE5F0A42BF89}.Debug|Any CPU.ActiveCfg = Debug|Any CPU
		{2DFC5433-5002-4AD9-8B76-AE5F0A42BF89}.Debug|Any CPU.Build.0 = Debug|Any CPU
		{2DFC5433-5002-4AD9-8B76-AE5F0A42BF89}.Release|Any CPU.ActiveCfg = Release|Any CPU
		{2DFC5433-5002-4AD9-8B76-AE5F0A42BF89}.Release|Any CPU.Build.0 = Release|Any CPU
		{9A84DDDA-7A21-43F8-A89E-B561B504082B}.Debug|Any CPU.ActiveCfg = Debug|Any CPU
		{9A84DDDA-7A21-43F8-A89E-B561B504082B}.Debug|Any CPU.Build.0 = Debug|Any CPU
		{9A84DDDA-7A21-43F8-A89E-B561B504082B}.Release|Any CPU.ActiveCfg = Release|Any CPU
		{9A84DDDA-7A21-43F8-A89E-B561B504082B}.Release|Any CPU.Build.0 = Release|Any CPU
	EndGlobalSection
	GlobalSection(SolutionProperties) = preSolution
		HideSolutionNode = FALSE
	EndGlobalSection
	GlobalSection(ExtensibilityGlobals) = postSolution
		SolutionGuid = {68CEBF29-AED5-4107-AF86-98F867C3F350}
	EndGlobalSection
EndGlobal
