
Microsoft Visual Studio Solution File, Format Version 12.00
# Visual Studio Version 17
VisualStudioVersion = 17.8.34511.84
MinimumVisualStudioVersion = 10.0.40219.1
Project("{FAE04EC0-301F-11D3-BF4B-00C04F79EFBC}") = "project1", "project1\project1.csproj", "{1E58BFED-2C1C-4BE9-90EC-64A7BFA86ED3}"
EndProject
Global
	GlobalSection(SolutionConfigurationPlatforms) = preSolution
		Debug|Any CPU = Debug|Any CPU
		Release|Any CPU = Release|Any CPU
	EndGlobalSection
	GlobalSection(ProjectConfigurationPlatforms) = postSolution
		{1E58BFED-2C1C-4BE9-90EC-64A7BFA86ED3}.Debug|Any CPU.ActiveCfg = Debug|Any CPU
		{1E58BFED-2C1C-4BE9-90EC-64A7BFA86ED3}.Debug|Any CPU.Build.0 = Debug|Any CPU
		{1E58BFED-2C1C-4BE9-90EC-64A7BFA86ED3}.Release|Any CPU.ActiveCfg = Release|Any CPU
		{1E58BFED-2C1C-4BE9-90EC-64A7BFA86ED3}.Release|Any CPU.Build.0 = Release|Any CPU
	EndGlobalSection
	GlobalSection(SolutionProperties) = preSolution
		HideSolutionNode = FALSE
	EndGlobalSection
	GlobalSection(ExtensibilityGlobals) = postSolution
		SolutionGuid = {C64F3B5A-1503-46A4-A13D-EAC147FAAC37}
	EndGlobalSection
EndGlobal
